
Microsoft Visual Studio Solution File, Format Version 12.00
# Visual Studio Version 16
VisualStudioVersion = 16.0.31613.86
MinimumVisualStudioVersion = 10.0.40219.1
Project("{9A19103F-16F7-4668-BE54-9A1E7A4F7556}") = "Test", "PruebaConsola\Test.csproj", "{8D57A4E0-CCA8-491B-9C5E-DCF2F1ECBC45}"
EndProject
Project("{9A19103F-16F7-4668-BE54-9A1E7A4F7556}") = "Entidades", "Entidades\Entidades.csproj", "{02604E42-7766-4B80-B83E-00A3E487882C}"
EndProject
Project("{9A19103F-16F7-4668-BE54-9A1E7A4F7556}") = "Formularios", "FormMenuPrincipal\Formularios.csproj", "{BC121069-A29F-49CC-9B36-612BAE7EB087}"
EndProject
Project("{FAE04EC0-301F-11D3-BF4B-00C04F79EFBC}") = "UnitTestTpFinal", "UnitTestTpFinal\UnitTestTpFinal.csproj", "{5ABC0A32-6EF7-486D-94D2-8D4AB959BA0B}"
EndProject
Global
	GlobalSection(SolutionConfigurationPlatforms) = preSolution
		Debug|Any CPU = Debug|Any CPU
		Release|Any CPU = Release|Any CPU
	EndGlobalSection
	GlobalSection(ProjectConfigurationPlatforms) = postSolution
		{8D57A4E0-CCA8-491B-9C5E-DCF2F1ECBC45}.Debug|Any CPU.ActiveCfg = Debug|Any CPU
		{8D57A4E0-CCA8-491B-9C5E-DCF2F1ECBC45}.Debug|Any CPU.Build.0 = Debug|Any CPU
		{8D57A4E0-CCA8-491B-9C5E-DCF2F1ECBC45}.Release|Any CPU.ActiveCfg = Release|Any CPU
		{8D57A4E0-CCA8-491B-9C5E-DCF2F1ECBC45}.Release|Any CPU.Build.0 = Release|Any CPU
		{02604E42-7766-4B80-B83E-00A3E487882C}.Debug|Any CPU.ActiveCfg = Debug|Any CPU
		{02604E42-7766-4B80-B83E-00A3E487882C}.Debug|Any CPU.Build.0 = Debug|Any CPU
		{02604E42-7766-4B80-B83E-00A3E487882C}.Release|Any CPU.ActiveCfg = Release|Any CPU
		{02604E42-7766-4B80-B83E-00A3E487882C}.Release|Any CPU.Build.0 = Release|Any CPU
		{BC121069-A29F-49CC-9B36-612BAE7EB087}.Debug|Any CPU.ActiveCfg = Debug|Any CPU
		{BC121069-A29F-49CC-9B36-612BAE7EB087}.Debug|Any CPU.Build.0 = Debug|Any CPU
		{BC121069-A29F-49CC-9B36-612BAE7EB087}.Release|Any CPU.ActiveCfg = Release|Any CPU
		{BC121069-A29F-49CC-9B36-612BAE7EB087}.Release|Any CPU.Build.0 = Release|Any CPU
		{5ABC0A32-6EF7-486D-94D2-8D4AB959BA0B}.Debug|Any CPU.ActiveCfg = Debug|Any CPU
		{5ABC0A32-6EF7-486D-94D2-8D4AB959BA0B}.Debug|Any CPU.Build.0 = Debug|Any CPU
		{5ABC0A32-6EF7-486D-94D2-8D4AB959BA0B}.Release|Any CPU.ActiveCfg = Release|Any CPU
		{5ABC0A32-6EF7-486D-94D2-8D4AB959BA0B}.Release|Any CPU.Build.0 = Release|Any CPU
	EndGlobalSection
	GlobalSection(SolutionProperties) = preSolution
		HideSolutionNode = FALSE
	EndGlobalSection
	GlobalSection(ExtensibilityGlobals) = postSolution
		SolutionGuid = {4E236A6F-17BF-40E6-B4A3-8D5E215824BE}
	EndGlobalSection
EndGlobal
